// !$*UTF8*$!
{
	archiveVersion = 1;
	classes = {
	};
	objectVersion = 51;
	objects = {

/* Begin PBXBuildFile section */
		8E0DBB6623C3054B007F73F5 /* DateManager.swift in Sources */ = {isa = PBXBuildFile; fileRef = 8E0DBB6523C3054B007F73F5 /* DateManager.swift */; };
		8E0DBB6823C46606007F73F5 /* UiManager.swift in Sources */ = {isa = PBXBuildFile; fileRef = 8E0DBB6723C46606007F73F5 /* UiManager.swift */; };
		8E0DBB6A23C5AFEC007F73F5 /* AddDataViewController.swift in Sources */ = {isa = PBXBuildFile; fileRef = 8E0DBB6923C5AFEC007F73F5 /* AddDataViewController.swift */; };
		8E0DBB6C23C840B4007F73F5 /* NotificationManager.swift in Sources */ = {isa = PBXBuildFile; fileRef = 8E0DBB6B23C840B3007F73F5 /* NotificationManager.swift */; };
		8E0DBB6E23C858A4007F73F5 /* LocationManager.swift in Sources */ = {isa = PBXBuildFile; fileRef = 8E0DBB6D23C858A4007F73F5 /* LocationManager.swift */; };
		8E0DBB7023CC4146007F73F5 /* FirebaseManager.swift in Sources */ = {isa = PBXBuildFile; fileRef = 8E0DBB6F23CC4146007F73F5 /* FirebaseManager.swift */; };
		8E2F247823B2132000BE4E7C /* AppDelegate.swift in Sources */ = {isa = PBXBuildFile; fileRef = 8E2F247723B2132000BE4E7C /* AppDelegate.swift */; };
		8E2F247A23B2132000BE4E7C /* SceneDelegate.swift in Sources */ = {isa = PBXBuildFile; fileRef = 8E2F247923B2132000BE4E7C /* SceneDelegate.swift */; };
		8E2F247C23B2132000BE4E7C /* ViewController.swift in Sources */ = {isa = PBXBuildFile; fileRef = 8E2F247B23B2132000BE4E7C /* ViewController.swift */; };
		8E2F247F23B2132000BE4E7C /* Main.storyboard in Resources */ = {isa = PBXBuildFile; fileRef = 8E2F247D23B2132000BE4E7C /* Main.storyboard */; };
		8E2F248123B2132100BE4E7C /* Assets.xcassets in Resources */ = {isa = PBXBuildFile; fileRef = 8E2F248023B2132100BE4E7C /* Assets.xcassets */; };
		8E2F248423B2132100BE4E7C /* LaunchScreen.storyboard in Resources */ = {isa = PBXBuildFile; fileRef = 8E2F248223B2132100BE4E7C /* LaunchScreen.storyboard */; };
		8E2F248F23B2132100BE4E7C /* SexManagerTests.swift in Sources */ = {isa = PBXBuildFile; fileRef = 8E2F248E23B2132100BE4E7C /* SexManagerTests.swift */; };
		8E2F249A23B2132100BE4E7C /* SexManagerUITests.swift in Sources */ = {isa = PBXBuildFile; fileRef = 8E2F249923B2132100BE4E7C /* SexManagerUITests.swift */; };
		8E2F24AA23B2190800BE4E7C /* mBasicViewController.swift in Sources */ = {isa = PBXBuildFile; fileRef = 8E2F24A923B2190800BE4E7C /* mBasicViewController.swift */; };
		8E2F24AC23B3090800BE4E7C /* DescriptionViewController.swift in Sources */ = {isa = PBXBuildFile; fileRef = 8E2F24AB23B3090800BE4E7C /* DescriptionViewController.swift */; };
		8E2F24AE23B3327900BE4E7C /* MemberCenterViewController.swift in Sources */ = {isa = PBXBuildFile; fileRef = 8E2F24AD23B3327900BE4E7C /* MemberCenterViewController.swift */; };
		8E2F24B023B3490A00BE4E7C /* GoogleService-Info.plist in Resources */ = {isa = PBXBuildFile; fileRef = 8E2F24AF23B3490A00BE4E7C /* GoogleService-Info.plist */; };
		8E2F24B223B3608C00BE4E7C /* ChartViewController.swift in Sources */ = {isa = PBXBuildFile; fileRef = 8E2F24B123B3608C00BE4E7C /* ChartViewController.swift */; };
		8E2F24B423B4889F00BE4E7C /* CalViewController.swift in Sources */ = {isa = PBXBuildFile; fileRef = 8E2F24B323B4889F00BE4E7C /* CalViewController.swift */; };
		B554BDE4839AE2E9B1F56AFE /* Pods_SexManager.framework in Frameworks */ = {isa = PBXBuildFile; fileRef = 7E03C573EDF766BA42C0E43B /* Pods_SexManager.framework */; };
		B77CAB0557B8A76C1B889FEB /* Pods_SexManagerTests.framework in Frameworks */ = {isa = PBXBuildFile; fileRef = 5768623C05776D3E6C121AC7 /* Pods_SexManagerTests.framework */; };
		B83B43DA1119FAA3E1D166F5 /* Pods_SexManagerUITests.framework in Frameworks */ = {isa = PBXBuildFile; fileRef = 961D6698EA0517271898569E /* Pods_SexManagerUITests.framework */; };
/* End PBXBuildFile section */

/* Begin PBXContainerItemProxy section */
		8E2F248B23B2132100BE4E7C /* PBXContainerItemProxy */ = {
			isa = PBXContainerItemProxy;
			containerPortal = 8E2F246C23B2132000BE4E7C /* Project object */;
			proxyType = 1;
			remoteGlobalIDString = 8E2F247323B2132000BE4E7C;
			remoteInfo = SexManager;
		};
		8E2F249623B2132100BE4E7C /* PBXContainerItemProxy */ = {
			isa = PBXContainerItemProxy;
			containerPortal = 8E2F246C23B2132000BE4E7C /* Project object */;
			proxyType = 1;
			remoteGlobalIDString = 8E2F247323B2132000BE4E7C;
			remoteInfo = SexManager;
		};
/* End PBXContainerItemProxy section */

/* Begin PBXFileReference section */
		0D20214CCCDD5DE74B0E1808 /* Pods-SexManager.release.xcconfig */ = {isa = PBXFileReference; includeInIndex = 1; lastKnownFileType = text.xcconfig; name = "Pods-SexManager.release.xcconfig"; path = "Target Support Files/Pods-SexManager/Pods-SexManager.release.xcconfig"; sourceTree = "<group>"; };
		41B4836345D58E780DDC839C /* Pods-SexManagerUITests.debug.xcconfig */ = {isa = PBXFileReference; includeInIndex = 1; lastKnownFileType = text.xcconfig; name = "Pods-SexManagerUITests.debug.xcconfig"; path = "Target Support Files/Pods-SexManagerUITests/Pods-SexManagerUITests.debug.xcconfig"; sourceTree = "<group>"; };
		450AD8C1BB7AF6D2F6946BBE /* Pods-SexManager.debug.xcconfig */ = {isa = PBXFileReference; includeInIndex = 1; lastKnownFileType = text.xcconfig; name = "Pods-SexManager.debug.xcconfig"; path = "Target Support Files/Pods-SexManager/Pods-SexManager.debug.xcconfig"; sourceTree = "<group>"; };
		5768623C05776D3E6C121AC7 /* Pods_SexManagerTests.framework */ = {isa = PBXFileReference; explicitFileType = wrapper.framework; includeInIndex = 0; path = Pods_SexManagerTests.framework; sourceTree = BUILT_PRODUCTS_DIR; };
		5A386D174768E52494E91E3C /* Pods-SexManagerTests.debug.xcconfig */ = {isa = PBXFileReference; includeInIndex = 1; lastKnownFileType = text.xcconfig; name = "Pods-SexManagerTests.debug.xcconfig"; path = "Target Support Files/Pods-SexManagerTests/Pods-SexManagerTests.debug.xcconfig"; sourceTree = "<group>"; };
		783CF09FD6B799F9B8DEE02C /* Pods-SexManagerUITests.release.xcconfig */ = {isa = PBXFileReference; includeInIndex = 1; lastKnownFileType = text.xcconfig; name = "Pods-SexManagerUITests.release.xcconfig"; path = "Target Support Files/Pods-SexManagerUITests/Pods-SexManagerUITests.release.xcconfig"; sourceTree = "<group>"; };
		7E03C573EDF766BA42C0E43B /* Pods_SexManager.framework */ = {isa = PBXFileReference; explicitFileType = wrapper.framework; includeInIndex = 0; path = Pods_SexManager.framework; sourceTree = BUILT_PRODUCTS_DIR; };
		8E0DBB6523C3054B007F73F5 /* DateManager.swift */ = {isa = PBXFileReference; lastKnownFileType = sourcecode.swift; path = DateManager.swift; sourceTree = "<group>"; };
		8E0DBB6723C46606007F73F5 /* UiManager.swift */ = {isa = PBXFileReference; lastKnownFileType = sourcecode.swift; path = UiManager.swift; sourceTree = "<group>"; };
		8E0DBB6923C5AFEC007F73F5 /* AddDataViewController.swift */ = {isa = PBXFileReference; lastKnownFileType = sourcecode.swift; path = AddDataViewController.swift; sourceTree = "<group>"; };
		8E0DBB6B23C840B3007F73F5 /* NotificationManager.swift */ = {isa = PBXFileReference; lastKnownFileType = sourcecode.swift; path = NotificationManager.swift; sourceTree = "<group>"; };
		8E0DBB6D23C858A4007F73F5 /* LocationManager.swift */ = {isa = PBXFileReference; lastKnownFileType = sourcecode.swift; path = LocationManager.swift; sourceTree = "<group>"; };
		8E0DBB6F23CC4146007F73F5 /* FirebaseManager.swift */ = {isa = PBXFileReference; lastKnownFileType = sourcecode.swift; path = FirebaseManager.swift; sourceTree = "<group>"; };
		8E2F247423B2132000BE4E7C /* SexManager.app */ = {isa = PBXFileReference; explicitFileType = wrapper.application; includeInIndex = 0; path = SexManager.app; sourceTree = BUILT_PRODUCTS_DIR; };
		8E2F247723B2132000BE4E7C /* AppDelegate.swift */ = {isa = PBXFileReference; lastKnownFileType = sourcecode.swift; path = AppDelegate.swift; sourceTree = "<group>"; };
		8E2F247923B2132000BE4E7C /* SceneDelegate.swift */ = {isa = PBXFileReference; lastKnownFileType = sourcecode.swift; path = SceneDelegate.swift; sourceTree = "<group>"; };
		8E2F247B23B2132000BE4E7C /* ViewController.swift */ = {isa = PBXFileReference; lastKnownFileType = sourcecode.swift; path = ViewController.swift; sourceTree = "<group>"; };
		8E2F247E23B2132000BE4E7C /* Base */ = {isa = PBXFileReference; lastKnownFileType = file.storyboard; name = Base; path = Base.lproj/Main.storyboard; sourceTree = "<group>"; };
		8E2F248023B2132100BE4E7C /* Assets.xcassets */ = {isa = PBXFileReference; lastKnownFileType = folder.assetcatalog; path = Assets.xcassets; sourceTree = "<group>"; };
		8E2F248323B2132100BE4E7C /* Base */ = {isa = PBXFileReference; lastKnownFileType = file.storyboard; name = Base; path = Base.lproj/LaunchScreen.storyboard; sourceTree = "<group>"; };
		8E2F248523B2132100BE4E7C /* Info.plist */ = {isa = PBXFileReference; lastKnownFileType = text.plist.xml; path = Info.plist; sourceTree = "<group>"; };
		8E2F248A23B2132100BE4E7C /* SexManagerTests.xctest */ = {isa = PBXFileReference; explicitFileType = wrapper.cfbundle; includeInIndex = 0; path = SexManagerTests.xctest; sourceTree = BUILT_PRODUCTS_DIR; };
		8E2F248E23B2132100BE4E7C /* SexManagerTests.swift */ = {isa = PBXFileReference; lastKnownFileType = sourcecode.swift; path = SexManagerTests.swift; sourceTree = "<group>"; };
		8E2F249023B2132100BE4E7C /* Info.plist */ = {isa = PBXFileReference; lastKnownFileType = text.plist.xml; path = Info.plist; sourceTree = "<group>"; };
		8E2F249523B2132100BE4E7C /* SexManagerUITests.xctest */ = {isa = PBXFileReference; explicitFileType = wrapper.cfbundle; includeInIndex = 0; path = SexManagerUITests.xctest; sourceTree = BUILT_PRODUCTS_DIR; };
		8E2F249923B2132100BE4E7C /* SexManagerUITests.swift */ = {isa = PBXFileReference; lastKnownFileType = sourcecode.swift; path = SexManagerUITests.swift; sourceTree = "<group>"; };
		8E2F249B23B2132100BE4E7C /* Info.plist */ = {isa = PBXFileReference; lastKnownFileType = text.plist.xml; path = Info.plist; sourceTree = "<group>"; };
		8E2F24A923B2190800BE4E7C /* mBasicViewController.swift */ = {isa = PBXFileReference; lastKnownFileType = sourcecode.swift; path = mBasicViewController.swift; sourceTree = "<group>"; };
		8E2F24AB23B3090800BE4E7C /* DescriptionViewController.swift */ = {isa = PBXFileReference; lastKnownFileType = sourcecode.swift; path = DescriptionViewController.swift; sourceTree = "<group>"; };
		8E2F24AD23B3327900BE4E7C /* MemberCenterViewController.swift */ = {isa = PBXFileReference; lastKnownFileType = sourcecode.swift; path = MemberCenterViewController.swift; sourceTree = "<group>"; };
		8E2F24AF23B3490A00BE4E7C /* GoogleService-Info.plist */ = {isa = PBXFileReference; fileEncoding = 4; lastKnownFileType = text.plist.xml; path = "GoogleService-Info.plist"; sourceTree = "<group>"; };
		8E2F24B123B3608C00BE4E7C /* ChartViewController.swift */ = {isa = PBXFileReference; lastKnownFileType = sourcecode.swift; lineEnding = 0; path = ChartViewController.swift; sourceTree = "<group>"; };
		8E2F24B323B4889F00BE4E7C /* CalViewController.swift */ = {isa = PBXFileReference; lastKnownFileType = sourcecode.swift; path = CalViewController.swift; sourceTree = "<group>"; };
		961D6698EA0517271898569E /* Pods_SexManagerUITests.framework */ = {isa = PBXFileReference; explicitFileType = wrapper.framework; includeInIndex = 0; path = Pods_SexManagerUITests.framework; sourceTree = BUILT_PRODUCTS_DIR; };
		A234A5B6FE5B71FCAA80C079 /* Pods-SexManagerTests.release.xcconfig */ = {isa = PBXFileReference; includeInIndex = 1; lastKnownFileType = text.xcconfig; name = "Pods-SexManagerTests.release.xcconfig"; path = "Target Support Files/Pods-SexManagerTests/Pods-SexManagerTests.release.xcconfig"; sourceTree = "<group>"; };
/* End PBXFileReference section */

/* Begin PBXFrameworksBuildPhase section */
		8E2F247123B2132000BE4E7C /* Frameworks */ = {
			isa = PBXFrameworksBuildPhase;
			buildActionMask = 2147483647;
			files = (
				B554BDE4839AE2E9B1F56AFE /* Pods_SexManager.framework in Frameworks */,
			);
			runOnlyForDeploymentPostprocessing = 0;
		};
		8E2F248723B2132100BE4E7C /* Frameworks */ = {
			isa = PBXFrameworksBuildPhase;
			buildActionMask = 2147483647;
			files = (
				B77CAB0557B8A76C1B889FEB /* Pods_SexManagerTests.framework in Frameworks */,
			);
			runOnlyForDeploymentPostprocessing = 0;
		};
		8E2F249223B2132100BE4E7C /* Frameworks */ = {
			isa = PBXFrameworksBuildPhase;
			buildActionMask = 2147483647;
			files = (
				B83B43DA1119FAA3E1D166F5 /* Pods_SexManagerUITests.framework in Frameworks */,
			);
			runOnlyForDeploymentPostprocessing = 0;
		};
/* End PBXFrameworksBuildPhase section */

/* Begin PBXGroup section */
		0C57EFE001A6A161C5C62274 /* Pods */ = {
			isa = PBXGroup;
			children = (
				450AD8C1BB7AF6D2F6946BBE /* Pods-SexManager.debug.xcconfig */,
				0D20214CCCDD5DE74B0E1808 /* Pods-SexManager.release.xcconfig */,
				5A386D174768E52494E91E3C /* Pods-SexManagerTests.debug.xcconfig */,
				A234A5B6FE5B71FCAA80C079 /* Pods-SexManagerTests.release.xcconfig */,
				41B4836345D58E780DDC839C /* Pods-SexManagerUITests.debug.xcconfig */,
				783CF09FD6B799F9B8DEE02C /* Pods-SexManagerUITests.release.xcconfig */,
			);
			path = Pods;
			sourceTree = "<group>";
		};
		4607CDB5F957F06C22F40D23 /* Frameworks */ = {
			isa = PBXGroup;
			children = (
				7E03C573EDF766BA42C0E43B /* Pods_SexManager.framework */,
				5768623C05776D3E6C121AC7 /* Pods_SexManagerTests.framework */,
				961D6698EA0517271898569E /* Pods_SexManagerUITests.framework */,
			);
			name = Frameworks;
			sourceTree = "<group>";
		};
		8E2F246B23B2132000BE4E7C = {
			isa = PBXGroup;
			children = (
				8E2F247623B2132000BE4E7C /* SexManager */,
				8E2F248D23B2132100BE4E7C /* SexManagerTests */,
				8E2F249823B2132100BE4E7C /* SexManagerUITests */,
				8E2F247523B2132000BE4E7C /* Products */,
				0C57EFE001A6A161C5C62274 /* Pods */,
				4607CDB5F957F06C22F40D23 /* Frameworks */,
			);
			sourceTree = "<group>";
		};
		8E2F247523B2132000BE4E7C /* Products */ = {
			isa = PBXGroup;
			children = (
				8E2F247423B2132000BE4E7C /* SexManager.app */,
				8E2F248A23B2132100BE4E7C /* SexManagerTests.xctest */,
				8E2F249523B2132100BE4E7C /* SexManagerUITests.xctest */,
			);
			name = Products;
			sourceTree = "<group>";
		};
		8E2F247623B2132000BE4E7C /* SexManager */ = {
			isa = PBXGroup;
			children = (
				8E2F24AF23B3490A00BE4E7C /* GoogleService-Info.plist */,
				8E2F247723B2132000BE4E7C /* AppDelegate.swift */,
				8E2F247923B2132000BE4E7C /* SceneDelegate.swift */,
				8E2F247B23B2132000BE4E7C /* ViewController.swift */,
				8E2F247D23B2132000BE4E7C /* Main.storyboard */,
				8E2F248023B2132100BE4E7C /* Assets.xcassets */,
				8E2F248223B2132100BE4E7C /* LaunchScreen.storyboard */,
				8E2F248523B2132100BE4E7C /* Info.plist */,
				8E2F24A923B2190800BE4E7C /* mBasicViewController.swift */,
				8E2F24AB23B3090800BE4E7C /* DescriptionViewController.swift */,
				8E2F24AD23B3327900BE4E7C /* MemberCenterViewController.swift */,
				8E2F24B123B3608C00BE4E7C /* ChartViewController.swift */,
				8E2F24B323B4889F00BE4E7C /* CalViewController.swift */,
				8E0DBB6523C3054B007F73F5 /* DateManager.swift */,
				8E0DBB6723C46606007F73F5 /* UiManager.swift */,
				8E0DBB6923C5AFEC007F73F5 /* AddDataViewController.swift */,
				8E0DBB6B23C840B3007F73F5 /* NotificationManager.swift */,
				8E0DBB6D23C858A4007F73F5 /* LocationManager.swift */,
				8E0DBB6F23CC4146007F73F5 /* FirebaseManager.swift */,
			);
			path = SexManager;
			sourceTree = "<group>";
		};
		8E2F248D23B2132100BE4E7C /* SexManagerTests */ = {
			isa = PBXGroup;
			children = (
				8E2F248E23B2132100BE4E7C /* SexManagerTests.swift */,
				8E2F249023B2132100BE4E7C /* Info.plist */,
			);
			path = SexManagerTests;
			sourceTree = "<group>";
		};
		8E2F249823B2132100BE4E7C /* SexManagerUITests */ = {
			isa = PBXGroup;
			children = (
				8E2F249923B2132100BE4E7C /* SexManagerUITests.swift */,
				8E2F249B23B2132100BE4E7C /* Info.plist */,
			);
			path = SexManagerUITests;
			sourceTree = "<group>";
		};
/* End PBXGroup section */

/* Begin PBXNativeTarget section */
		8E2F247323B2132000BE4E7C /* SexManager */ = {
			isa = PBXNativeTarget;
			buildConfigurationList = 8E2F249E23B2132100BE4E7C /* Build configuration list for PBXNativeTarget "SexManager" */;
			buildPhases = (
				1287CBEEE16E6A79E64FEAE4 /* [CP] Check Pods Manifest.lock */,
				8E2F247023B2132000BE4E7C /* Sources */,
				8E2F247123B2132000BE4E7C /* Frameworks */,
				8E2F247223B2132000BE4E7C /* Resources */,
				52140AB94F23AED2A95010B1 /* [CP] Embed Pods Frameworks */,
				EB32304B9F59F99877E141D4 /* [CP] Copy Pods Resources */,
			);
			buildRules = (
			);
			dependencies = (
			);
			name = SexManager;
			productName = SexManager;
			productReference = 8E2F247423B2132000BE4E7C /* SexManager.app */;
			productType = "com.apple.product-type.application";
		};
		8E2F248923B2132100BE4E7C /* SexManagerTests */ = {
			isa = PBXNativeTarget;
			buildConfigurationList = 8E2F24A123B2132100BE4E7C /* Build configuration list for PBXNativeTarget "SexManagerTests" */;
			buildPhases = (
				0694475FE9819B9EE5FDA910 /* [CP] Check Pods Manifest.lock */,
				8E2F248623B2132100BE4E7C /* Sources */,
				8E2F248723B2132100BE4E7C /* Frameworks */,
				8E2F248823B2132100BE4E7C /* Resources */,
			);
			buildRules = (
			);
			dependencies = (
				8E2F248C23B2132100BE4E7C /* PBXTargetDependency */,
			);
			name = SexManagerTests;
			productName = SexManagerTests;
			productReference = 8E2F248A23B2132100BE4E7C /* SexManagerTests.xctest */;
			productType = "com.apple.product-type.bundle.unit-test";
		};
		8E2F249423B2132100BE4E7C /* SexManagerUITests */ = {
			isa = PBXNativeTarget;
			buildConfigurationList = 8E2F24A423B2132100BE4E7C /* Build configuration list for PBXNativeTarget "SexManagerUITests" */;
			buildPhases = (
				B91A3132363D0CE7D7EDAAB3 /* [CP] Check Pods Manifest.lock */,
				8E2F249123B2132100BE4E7C /* Sources */,
				8E2F249223B2132100BE4E7C /* Frameworks */,
				8E2F249323B2132100BE4E7C /* Resources */,
			);
			buildRules = (
			);
			dependencies = (
				8E2F249723B2132100BE4E7C /* PBXTargetDependency */,
			);
			name = SexManagerUITests;
			productName = SexManagerUITests;
			productReference = 8E2F249523B2132100BE4E7C /* SexManagerUITests.xctest */;
			productType = "com.apple.product-type.bundle.ui-testing";
		};
/* End PBXNativeTarget section */

/* Begin PBXProject section */
		8E2F246C23B2132000BE4E7C /* Project object */ = {
			isa = PBXProject;
			attributes = {
				LastSwiftUpdateCheck = 1120;
				LastUpgradeCheck = 1120;
				ORGANIZATIONNAME = JackPan;
				TargetAttributes = {
					8E2F247323B2132000BE4E7C = {
						CreatedOnToolsVersion = 11.2.1;
					};
					8E2F248923B2132100BE4E7C = {
						CreatedOnToolsVersion = 11.2.1;
						TestTargetID = 8E2F247323B2132000BE4E7C;
					};
					8E2F249423B2132100BE4E7C = {
						CreatedOnToolsVersion = 11.2.1;
						TestTargetID = 8E2F247323B2132000BE4E7C;
					};
				};
			};
			buildConfigurationList = 8E2F246F23B2132000BE4E7C /* Build configuration list for PBXProject "SexManager" */;
			compatibilityVersion = "Xcode 9.3";
			developmentRegion = en;
			hasScannedForEncodings = 0;
			knownRegions = (
				en,
				Base,
			);
			mainGroup = 8E2F246B23B2132000BE4E7C;
			productRefGroup = 8E2F247523B2132000BE4E7C /* Products */;
			projectDirPath = "";
			projectRoot = "";
			targets = (
				8E2F247323B2132000BE4E7C /* SexManager */,
				8E2F248923B2132100BE4E7C /* SexManagerTests */,
				8E2F249423B2132100BE4E7C /* SexManagerUITests */,
			);
		};
/* End PBXProject section */

/* Begin PBXResourcesBuildPhase section */
		8E2F247223B2132000BE4E7C /* Resources */ = {
			isa = PBXResourcesBuildPhase;
			buildActionMask = 2147483647;
			files = (
				8E2F248423B2132100BE4E7C /* LaunchScreen.storyboard in Resources */,
				8E2F24B023B3490A00BE4E7C /* GoogleService-Info.plist in Resources */,
				8E2F248123B2132100BE4E7C /* Assets.xcassets in Resources */,
				8E2F247F23B2132000BE4E7C /* Main.storyboard in Resources */,
			);
			runOnlyForDeploymentPostprocessing = 0;
		};
		8E2F248823B2132100BE4E7C /* Resources */ = {
			isa = PBXResourcesBuildPhase;
			buildActionMask = 2147483647;
			files = (
			);
			runOnlyForDeploymentPostprocessing = 0;
		};
		8E2F249323B2132100BE4E7C /* Resources */ = {
			isa = PBXResourcesBuildPhase;
			buildActionMask = 2147483647;
			files = (
			);
			runOnlyForDeploymentPostprocessing = 0;
		};
/* End PBXResourcesBuildPhase section */

/* Begin PBXShellScriptBuildPhase section */
		0694475FE9819B9EE5FDA910 /* [CP] Check Pods Manifest.lock */ = {
			isa = PBXShellScriptBuildPhase;
			buildActionMask = 2147483647;
			files = (
			);
			inputFileListPaths = (
			);
			inputPaths = (
				"${PODS_PODFILE_DIR_PATH}/Podfile.lock",
				"${PODS_ROOT}/Manifest.lock",
			);
			name = "[CP] Check Pods Manifest.lock";
			outputFileListPaths = (
			);
			outputPaths = (
				"$(DERIVED_FILE_DIR)/Pods-SexManagerTests-checkManifestLockResult.txt",
			);
			runOnlyForDeploymentPostprocessing = 0;
			shellPath = /bin/sh;
			shellScript = "diff \"${PODS_PODFILE_DIR_PATH}/Podfile.lock\" \"${PODS_ROOT}/Manifest.lock\" > /dev/null\nif [ $? != 0 ] ; then\n    # print error to STDERR\n    echo \"error: The sandbox is not in sync with the Podfile.lock. Run 'pod install' or update your CocoaPods installation.\" >&2\n    exit 1\nfi\n# This output is used by Xcode 'outputs' to avoid re-running this script phase.\necho \"SUCCESS\" > \"${SCRIPT_OUTPUT_FILE_0}\"\n";
			showEnvVarsInLog = 0;
		};
		1287CBEEE16E6A79E64FEAE4 /* [CP] Check Pods Manifest.lock */ = {
			isa = PBXShellScriptBuildPhase;
			buildActionMask = 2147483647;
			files = (
			);
			inputFileListPaths = (
			);
			inputPaths = (
				"${PODS_PODFILE_DIR_PATH}/Podfile.lock",
				"${PODS_ROOT}/Manifest.lock",
			);
			name = "[CP] Check Pods Manifest.lock";
			outputFileListPaths = (
			);
			outputPaths = (
				"$(DERIVED_FILE_DIR)/Pods-SexManager-checkManifestLockResult.txt",
			);
			runOnlyForDeploymentPostprocessing = 0;
			shellPath = /bin/sh;
			shellScript = "diff \"${PODS_PODFILE_DIR_PATH}/Podfile.lock\" \"${PODS_ROOT}/Manifest.lock\" > /dev/null\nif [ $? != 0 ] ; then\n    # print error to STDERR\n    echo \"error: The sandbox is not in sync with the Podfile.lock. Run 'pod install' or update your CocoaPods installation.\" >&2\n    exit 1\nfi\n# This output is used by Xcode 'outputs' to avoid re-running this script phase.\necho \"SUCCESS\" > \"${SCRIPT_OUTPUT_FILE_0}\"\n";
			showEnvVarsInLog = 0;
		};
		52140AB94F23AED2A95010B1 /* [CP] Embed Pods Frameworks */ = {
			isa = PBXShellScriptBuildPhase;
			buildActionMask = 2147483647;
			files = (
			);
			inputFileListPaths = (
				"${PODS_ROOT}/Target Support Files/Pods-SexManager/Pods-SexManager-frameworks-${CONFIGURATION}-input-files.xcfilelist",
			);
			name = "[CP] Embed Pods Frameworks";
			outputFileListPaths = (
				"${PODS_ROOT}/Target Support Files/Pods-SexManager/Pods-SexManager-frameworks-${CONFIGURATION}-output-files.xcfilelist",
			);
			runOnlyForDeploymentPostprocessing = 0;
			shellPath = /bin/sh;
			shellScript = "\"${PODS_ROOT}/Target Support Files/Pods-SexManager/Pods-SexManager-frameworks.sh\"\n";
			showEnvVarsInLog = 0;
		};
		B91A3132363D0CE7D7EDAAB3 /* [CP] Check Pods Manifest.lock */ = {
			isa = PBXShellScriptBuildPhase;
			buildActionMask = 2147483647;
			files = (
			);
			inputFileListPaths = (
			);
			inputPaths = (
				"${PODS_PODFILE_DIR_PATH}/Podfile.lock",
				"${PODS_ROOT}/Manifest.lock",
			);
			name = "[CP] Check Pods Manifest.lock";
			outputFileListPaths = (
			);
			outputPaths = (
				"$(DERIVED_FILE_DIR)/Pods-SexManagerUITests-checkManifestLockResult.txt",
			);
			runOnlyForDeploymentPostprocessing = 0;
			shellPath = /bin/sh;
			shellScript = "diff \"${PODS_PODFILE_DIR_PATH}/Podfile.lock\" \"${PODS_ROOT}/Manifest.lock\" > /dev/null\nif [ $? != 0 ] ; then\n    # print error to STDERR\n    echo \"error: The sandbox is not in sync with the Podfile.lock. Run 'pod install' or update your CocoaPods installation.\" >&2\n    exit 1\nfi\n# This output is used by Xcode 'outputs' to avoid re-running this script phase.\necho \"SUCCESS\" > \"${SCRIPT_OUTPUT_FILE_0}\"\n";
			showEnvVarsInLog = 0;
		};
		EB32304B9F59F99877E141D4 /* [CP] Copy Pods Resources */ = {
			isa = PBXShellScriptBuildPhase;
			buildActionMask = 2147483647;
			files = (
			);
			inputFileListPaths = (
				"${PODS_ROOT}/Target Support Files/Pods-SexManager/Pods-SexManager-resources-${CONFIGURATION}-input-files.xcfilelist",
			);
			name = "[CP] Copy Pods Resources";
			outputFileListPaths = (
				"${PODS_ROOT}/Target Support Files/Pods-SexManager/Pods-SexManager-resources-${CONFIGURATION}-output-files.xcfilelist",
			);
			runOnlyForDeploymentPostprocessing = 0;
			shellPath = /bin/sh;
			shellScript = "\"${PODS_ROOT}/Target Support Files/Pods-SexManager/Pods-SexManager-resources.sh\"\n";
			showEnvVarsInLog = 0;
		};
/* End PBXShellScriptBuildPhase section */

/* Begin PBXSourcesBuildPhase section */
		8E2F247023B2132000BE4E7C /* Sources */ = {
			isa = PBXSourcesBuildPhase;
			buildActionMask = 2147483647;
			files = (
				8E2F247C23B2132000BE4E7C /* ViewController.swift in Sources */,
				8E0DBB6823C46606007F73F5 /* UiManager.swift in Sources */,
				8E0DBB7023CC4146007F73F5 /* FirebaseManager.swift in Sources */,
				8E2F24B423B4889F00BE4E7C /* CalViewController.swift in Sources */,
				8E2F24B223B3608C00BE4E7C /* ChartViewController.swift in Sources */,
				8E2F247823B2132000BE4E7C /* AppDelegate.swift in Sources */,
				8E2F247A23B2132000BE4E7C /* SceneDelegate.swift in Sources */,
				8E0DBB6C23C840B4007F73F5 /* NotificationManager.swift in Sources */,
				8E2F24AC23B3090800BE4E7C /* DescriptionViewController.swift in Sources */,
				8E2F24AE23B3327900BE4E7C /* MemberCenterViewController.swift in Sources */,
				8E0DBB6623C3054B007F73F5 /* DateManager.swift in Sources */,
				8E2F24AA23B2190800BE4E7C /* mBasicViewController.swift in Sources */,
				8E0DBB6A23C5AFEC007F73F5 /* AddDataViewController.swift in Sources */,
				8E0DBB6E23C858A4007F73F5 /* LocationManager.swift in Sources */,
			);
			runOnlyForDeploymentPostprocessing = 0;
		};
		8E2F248623B2132100BE4E7C /* Sources */ = {
			isa = PBXSourcesBuildPhase;
			buildActionMask = 2147483647;
			files = (
				8E2F248F23B2132100BE4E7C /* SexManagerTests.swift in Sources */,
			);
			runOnlyForDeploymentPostprocessing = 0;
		};
		8E2F249123B2132100BE4E7C /* Sources */ = {
			isa = PBXSourcesBuildPhase;
			buildActionMask = 2147483647;
			files = (
				8E2F249A23B2132100BE4E7C /* SexManagerUITests.swift in Sources */,
			);
			runOnlyForDeploymentPostprocessing = 0;
		};
/* End PBXSourcesBuildPhase section */

/* Begin PBXTargetDependency section */
		8E2F248C23B2132100BE4E7C /* PBXTargetDependency */ = {
			isa = PBXTargetDependency;
			target = 8E2F247323B2132000BE4E7C /* SexManager */;
			targetProxy = 8E2F248B23B2132100BE4E7C /* PBXContainerItemProxy */;
		};
		8E2F249723B2132100BE4E7C /* PBXTargetDependency */ = {
			isa = PBXTargetDependency;
			target = 8E2F247323B2132000BE4E7C /* SexManager */;
			targetProxy = 8E2F249623B2132100BE4E7C /* PBXContainerItemProxy */;
		};
/* End PBXTargetDependency section */

/* Begin PBXVariantGroup section */
		8E2F247D23B2132000BE4E7C /* Main.storyboard */ = {
			isa = PBXVariantGroup;
			children = (
				8E2F247E23B2132000BE4E7C /* Base */,
			);
			name = Main.storyboard;
			sourceTree = "<group>";
		};
		8E2F248223B2132100BE4E7C /* LaunchScreen.storyboard */ = {
			isa = PBXVariantGroup;
			children = (
				8E2F248323B2132100BE4E7C /* Base */,
			);
			name = LaunchScreen.storyboard;
			sourceTree = "<group>";
		};
/* End PBXVariantGroup section */

/* Begin XCBuildConfiguration section */
		8E2F249C23B2132100BE4E7C /* Debug */ = {
			isa = XCBuildConfiguration;
			buildSettings = {
				ALWAYS_SEARCH_USER_PATHS = NO;
				CLANG_ANALYZER_NONNULL = YES;
				CLANG_ANALYZER_NUMBER_OBJECT_CONVERSION = YES_AGGRESSIVE;
				CLANG_CXX_LANGUAGE_STANDARD = "gnu++14";
				CLANG_CXX_LIBRARY = "libc++";
				CLANG_ENABLE_MODULES = YES;
				CLANG_ENABLE_OBJC_ARC = YES;
				CLANG_ENABLE_OBJC_WEAK = YES;
				CLANG_WARN_BLOCK_CAPTURE_AUTORELEASING = YES;
				CLANG_WARN_BOOL_CONVERSION = YES;
				CLANG_WARN_COMMA = YES;
				CLANG_WARN_CONSTANT_CONVERSION = YES;
				CLANG_WARN_DEPRECATED_OBJC_IMPLEMENTATIONS = YES;
				CLANG_WARN_DIRECT_OBJC_ISA_USAGE = YES_ERROR;
				CLANG_WARN_DOCUMENTATION_COMMENTS = YES;
				CLANG_WARN_EMPTY_BODY = YES;
				CLANG_WARN_ENUM_CONVERSION = YES;
				CLANG_WARN_INFINITE_RECURSION = YES;
				CLANG_WARN_INT_CONVERSION = YES;
				CLANG_WARN_NON_LITERAL_NULL_CONVERSION = YES;
				CLANG_WARN_OBJC_IMPLICIT_RETAIN_SELF = YES;
				CLANG_WARN_OBJC_LITERAL_CONVERSION = YES;
				CLANG_WARN_OBJC_ROOT_CLASS = YES_ERROR;
				CLANG_WARN_RANGE_LOOP_ANALYSIS = YES;
				CLANG_WARN_STRICT_PROTOTYPES = YES;
				CLANG_WARN_SUSPICIOUS_MOVE = YES;
				CLANG_WARN_UNGUARDED_AVAILABILITY = YES_AGGRESSIVE;
				CLANG_WARN_UNREACHABLE_CODE = YES;
				CLANG_WARN__DUPLICATE_METHOD_MATCH = YES;
				COPY_PHASE_STRIP = NO;
				DEBUG_INFORMATION_FORMAT = dwarf;
				ENABLE_STRICT_OBJC_MSGSEND = YES;
				ENABLE_TESTABILITY = YES;
				GCC_C_LANGUAGE_STANDARD = gnu11;
				GCC_DYNAMIC_NO_PIC = NO;
				GCC_NO_COMMON_BLOCKS = YES;
				GCC_OPTIMIZATION_LEVEL = 0;
				GCC_PREPROCESSOR_DEFINITIONS = (
					"DEBUG=1",
					"$(inherited)",
				);
				GCC_WARN_64_TO_32_BIT_CONVERSION = YES;
				GCC_WARN_ABOUT_RETURN_TYPE = YES_ERROR;
				GCC_WARN_UNDECLARED_SELECTOR = YES;
				GCC_WARN_UNINITIALIZED_AUTOS = YES_AGGRESSIVE;
				GCC_WARN_UNUSED_FUNCTION = YES;
				GCC_WARN_UNUSED_VARIABLE = YES;
				IPHONEOS_DEPLOYMENT_TARGET = 13.2;
				MTL_ENABLE_DEBUG_INFO = INCLUDE_SOURCE;
				MTL_FAST_MATH = YES;
				ONLY_ACTIVE_ARCH = YES;
				OTHER_LDFLAGS = "-ObjC";
				SDKROOT = iphoneos;
				SWIFT_ACTIVE_COMPILATION_CONDITIONS = DEBUG;
				SWIFT_OPTIMIZATION_LEVEL = "-Onone";
			};
			name = Debug;
		};
		8E2F249D23B2132100BE4E7C /* Release */ = {
			isa = XCBuildConfiguration;
			buildSettings = {
				ALWAYS_SEARCH_USER_PATHS = NO;
				CLANG_ANALYZER_NONNULL = YES;
				CLANG_ANALYZER_NUMBER_OBJECT_CONVERSION = YES_AGGRESSIVE;
				CLANG_CXX_LANGUAGE_STANDARD = "gnu++14";
				CLANG_CXX_LIBRARY = "libc++";
				CLANG_ENABLE_MODULES = YES;
				CLANG_ENABLE_OBJC_ARC = YES;
				CLANG_ENABLE_OBJC_WEAK = YES;
				CLANG_WARN_BLOCK_CAPTURE_AUTORELEASING = YES;
				CLANG_WARN_BOOL_CONVERSION = YES;
				CLANG_WARN_COMMA = YES;
				CLANG_WARN_CONSTANT_CONVERSION = YES;
				CLANG_WARN_DEPRECATED_OBJC_IMPLEMENTATIONS = YES;
				CLANG_WARN_DIRECT_OBJC_ISA_USAGE = YES_ERROR;
				CLANG_WARN_DOCUMENTATION_COMMENTS = YES;
				CLANG_WARN_EMPTY_BODY = YES;
				CLANG_WARN_ENUM_CONVERSION = YES;
				CLANG_WARN_INFINITE_RECURSION = YES;
				CLANG_WARN_INT_CONVERSION = YES;
				CLANG_WARN_NON_LITERAL_NULL_CONVERSION = YES;
				CLANG_WARN_OBJC_IMPLICIT_RETAIN_SELF = YES;
				CLANG_WARN_OBJC_LITERAL_CONVERSION = YES;
				CLANG_WARN_OBJC_ROOT_CLASS = YES_ERROR;
				CLANG_WARN_RANGE_LOOP_ANALYSIS = YES;
				CLANG_WARN_STRICT_PROTOTYPES = YES;
				CLANG_WARN_SUSPICIOUS_MOVE = YES;
				CLANG_WARN_UNGUARDED_AVAILABILITY = YES_AGGRESSIVE;
				CLANG_WARN_UNREACHABLE_CODE = YES;
				CLANG_WARN__DUPLICATE_METHOD_MATCH = YES;
				COPY_PHASE_STRIP = NO;
				DEBUG_INFORMATION_FORMAT = "dwarf-with-dsym";
				ENABLE_NS_ASSERTIONS = NO;
				ENABLE_STRICT_OBJC_MSGSEND = YES;
				GCC_C_LANGUAGE_STANDARD = gnu11;
				GCC_NO_COMMON_BLOCKS = YES;
				GCC_WARN_64_TO_32_BIT_CONVERSION = YES;
				GCC_WARN_ABOUT_RETURN_TYPE = YES_ERROR;
				GCC_WARN_UNDECLARED_SELECTOR = YES;
				GCC_WARN_UNINITIALIZED_AUTOS = YES_AGGRESSIVE;
				GCC_WARN_UNUSED_FUNCTION = YES;
				GCC_WARN_UNUSED_VARIABLE = YES;
				IPHONEOS_DEPLOYMENT_TARGET = 13.2;
				MTL_ENABLE_DEBUG_INFO = NO;
				MTL_FAST_MATH = YES;
				OTHER_LDFLAGS = "-ObjC";
				SDKROOT = iphoneos;
				SWIFT_COMPILATION_MODE = wholemodule;
				SWIFT_OPTIMIZATION_LEVEL = "-O";
				VALIDATE_PRODUCT = YES;
			};
			name = Release;
		};
		8E2F249F23B2132100BE4E7C /* Debug */ = {
			isa = XCBuildConfiguration;
			baseConfigurationReference = 450AD8C1BB7AF6D2F6946BBE /* Pods-SexManager.debug.xcconfig */;
			buildSettings = {
				ASSETCATALOG_COMPILER_APPICON_NAME = AppIcon;
				CODE_SIGN_STYLE = Automatic;
				DEVELOPMENT_TEAM = 9SDG9LYLGC;
				INFOPLIST_FILE = SexManager/Info.plist;
				IPHONEOS_DEPLOYMENT_TARGET = 12.0;
				LD_RUNPATH_SEARCH_PATHS = (
					"$(inherited)",
					"@executable_path/Frameworks",
				);
				OTHER_LDFLAGS = (
					"$(inherited)",
					"-l\"c++\"",
					"-l\"sqlite3\"",
					"-l\"z\"",
					"-framework",
					"\"AVFoundation\"",
					"-framework",
					"\"AudioToolbox\"",
					"-framework",
					"\"CFNetwork\"",
					"-framework",
					"\"CoreGraphics\"",
					"-framework",
					"\"CoreMedia\"",
					"-framework",
					"\"CoreTelephony\"",
					"-framework",
					"\"CoreVideo\"",
					"-framework",
					"\"GoogleAppMeasurement\"",
					"-framework",
					"\"GoogleMobileAds\"",
					"-framework",
					"\"GoogleUtilities\"",
					"-framework",
					"\"MediaPlayer\"",
					"-framework",
					"\"MessageUI\"",
					"-framework",
					"\"MobileCoreServices\"",
					"-framework",
					"\"QuartzCore\"",
					"-framework",
					"\"Security\"",
					"-framework",
					"\"StoreKit\"",
					"-framework",
					"\"SystemConfiguration\"",
					"-framework",
					"\"nanopb\"",
					"-weak_framework",
					"\"AdSupport\"",
					"-weak_framework",
					"\"JavaScriptCore\"",
					"-weak_framework",
					"\"SafariServices\"",
					"-weak_framework",
					"\"WebKit\"",
					"-ObjC",
				);
				PRODUCT_BUNDLE_IDENTIFIER = com.jackpan.SexManager;
				PRODUCT_NAME = "$(TARGET_NAME)";
				SWIFT_VERSION = 5.0;
				TARGETED_DEVICE_FAMILY = 1;
			};
			name = Debug;
		};
		8E2F24A023B2132100BE4E7C /* Release */ = {
			isa = XCBuildConfiguration;
			baseConfigurationReference = 0D20214CCCDD5DE74B0E1808 /* Pods-SexManager.release.xcconfig */;
			buildSettings = {
				ASSETCATALOG_COMPILER_APPICON_NAME = AppIcon;
				CODE_SIGN_STYLE = Automatic;
				DEVELOPMENT_TEAM = 9SDG9LYLGC;
				INFOPLIST_FILE = SexManager/Info.plist;
				IPHONEOS_DEPLOYMENT_TARGET = 12.0;
				LD_RUNPATH_SEARCH_PATHS = (
					"$(inherited)",
					"@executable_path/Frameworks",
				);
				OTHER_LDFLAGS = (
					"$(inherited)",
					"-l\"c++\"",
					"-l\"sqlite3\"",
					"-l\"z\"",
					"-framework",
					"\"AVFoundation\"",
					"-framework",
					"\"AudioToolbox\"",
					"-framework",
					"\"CFNetwork\"",
					"-framework",
					"\"CoreGraphics\"",
					"-framework",
					"\"CoreMedia\"",
					"-framework",
					"\"CoreTelephony\"",
					"-framework",
					"\"CoreVideo\"",
					"-framework",
					"\"GoogleAppMeasurement\"",
					"-framework",
					"\"GoogleMobileAds\"",
					"-framework",
					"\"GoogleUtilities\"",
					"-framework",
					"\"MediaPlayer\"",
					"-framework",
					"\"MessageUI\"",
					"-framework",
					"\"MobileCoreServices\"",
					"-framework",
					"\"QuartzCore\"",
					"-framework",
					"\"Security\"",
					"-framework",
					"\"StoreKit\"",
					"-framework",
					"\"SystemConfiguration\"",
					"-framework",
					"\"nanopb\"",
					"-weak_framework",
					"\"AdSupport\"",
					"-weak_framework",
					"\"JavaScriptCore\"",
					"-weak_framework",
					"\"SafariServices\"",
					"-weak_framework",
					"\"WebKit\"",
					"-ObjC",
				);
				PRODUCT_BUNDLE_IDENTIFIER = com.jackpan.SexManager;
				PRODUCT_NAME = "$(TARGET_NAME)";
				SWIFT_VERSION = 5.0;
				TARGETED_DEVICE_FAMILY = 1;
			};
			name = Release;
		};
		8E2F24A223B2132100BE4E7C /* Debug */ = {
			isa = XCBuildConfiguration;
			baseConfigurationReference = 5A386D174768E52494E91E3C /* Pods-SexManagerTests.debug.xcconfig */;
			buildSettings = {
				ALWAYS_EMBED_SWIFT_STANDARD_LIBRARIES = YES;
				BUNDLE_LOADER = "$(TEST_HOST)";
				CODE_SIGN_STYLE = Automatic;
				DEVELOPMENT_TEAM = 9SDG9LYLGC;
				INFOPLIST_FILE = SexManagerTests/Info.plist;
				IPHONEOS_DEPLOYMENT_TARGET = 13.2;
				LD_RUNPATH_SEARCH_PATHS = (
					"$(inherited)",
					"@executable_path/Frameworks",
					"@loader_path/Frameworks",
				);
				PRODUCT_BUNDLE_IDENTIFIER = com.jackpan.SexManagerTests;
				PRODUCT_NAME = "$(TARGET_NAME)";
				SWIFT_VERSION = 5.0;
				TARGETED_DEVICE_FAMILY = "1,2";
				TEST_HOST = "$(BUILT_PRODUCTS_DIR)/SexManager.app/SexManager";
			};
			name = Debug;
		};
		8E2F24A323B2132100BE4E7C /* Release */ = {
			isa = XCBuildConfiguration;
			baseConfigurationReference = A234A5B6FE5B71FCAA80C079 /* Pods-SexManagerTests.release.xcconfig */;
			buildSettings = {
				ALWAYS_EMBED_SWIFT_STANDARD_LIBRARIES = YES;
				BUNDLE_LOADER = "$(TEST_HOST)";
				CODE_SIGN_STYLE = Automatic;
				DEVELOPMENT_TEAM = 9SDG9LYLGC;
				INFOPLIST_FILE = SexManagerTests/Info.plist;
				IPHONEOS_DEPLOYMENT_TARGET = 13.2;
				LD_RUNPATH_SEARCH_PATHS = (
					"$(inherited)",
					"@executable_path/Frameworks",
					"@loader_path/Frameworks",
				);
				PRODUCT_BUNDLE_IDENTIFIER = com.jackpan.SexManagerTests;
				PRODUCT_NAME = "$(TARGET_NAME)";
				SWIFT_VERSION = 5.0;
				TARGETED_DEVICE_FAMILY = "1,2";
				TEST_HOST = "$(BUILT_PRODUCTS_DIR)/SexManager.app/SexManager";
			};
			name = Release;
		};
		8E2F24A523B2132100BE4E7C /* Debug */ = {
			isa = XCBuildConfiguration;
			baseConfigurationReference = 41B4836345D58E780DDC839C /* Pods-SexManagerUITests.debug.xcconfig */;
			buildSettings = {
				ALWAYS_EMBED_SWIFT_STANDARD_LIBRARIES = YES;
				CODE_SIGN_STYLE = Automatic;
				DEVELOPMENT_TEAM = 9SDG9LYLGC;
				INFOPLIST_FILE = SexManagerUITests/Info.plist;
				LD_RUNPATH_SEARCH_PATHS = (
					"$(inherited)",
					"@executable_path/Frameworks",
					"@loader_path/Frameworks",
				);
				PRODUCT_BUNDLE_IDENTIFIER = com.jackpan.SexManagerUITests;
				PRODUCT_NAME = "$(TARGET_NAME)";
				SWIFT_VERSION = 5.0;
				TARGETED_DEVICE_FAMILY = "1,2";
				TEST_TARGET_NAME = SexManager;
			};
			name = Debug;
		};
		8E2F24A623B2132100BE4E7C /* Release */ = {
			isa = XCBuildConfiguration;
			baseConfigurationReference = 783CF09FD6B799F9B8DEE02C /* Pods-SexManagerUITests.release.xcconfig */;
			buildSettings = {
				ALWAYS_EMBED_SWIFT_STANDARD_LIBRARIES = YES;
				CODE_SIGN_STYLE = Automatic;
				DEVELOPMENT_TEAM = 9SDG9LYLGC;
				INFOPLIST_FILE = SexManagerUITests/Info.plist;
				LD_RUNPATH_SEARCH_PATHS = (
					"$(inherited)",
					"@executable_path/Frameworks",
					"@loader_path/Frameworks",
				);
				PRODUCT_BUNDLE_IDENTIFIER = com.jackpan.SexManagerUITests;
				PRODUCT_NAME = "$(TARGET_NAME)";
				SWIFT_VERSION = 5.0;
				TARGETED_DEVICE_FAMILY = "1,2";
				TEST_TARGET_NAME = SexManager;
			};
			name = Release;
		};
/* End XCBuildConfiguration section */

/* Begin XCConfigurationList section */
		8E2F246F23B2132000BE4E7C /* Build configuration list for PBXProject "SexManager" */ = {
			isa = XCConfigurationList;
			buildConfigurations = (
				8E2F249C23B2132100BE4E7C /* Debug */,
				8E2F249D23B2132100BE4E7C /* Release */,
			);
			defaultConfigurationIsVisible = 0;
			defaultConfigurationName = Release;
		};
		8E2F249E23B2132100BE4E7C /* Build configuration list for PBXNativeTarget "SexManager" */ = {
			isa = XCConfigurationList;
			buildConfigurations = (
				8E2F249F23B2132100BE4E7C /* Debug */,
				8E2F24A023B2132100BE4E7C /* Release */,
			);
			defaultConfigurationIsVisible = 0;
			defaultConfigurationName = Release;
		};
		8E2F24A123B2132100BE4E7C /* Build configuration list for PBXNativeTarget "SexManagerTests" */ = {
			isa = XCConfigurationList;
			buildConfigurations = (
				8E2F24A223B2132100BE4E7C /* Debug */,
				8E2F24A323B2132100BE4E7C /* Release */,
			);
			defaultConfigurationIsVisible = 0;
			defaultConfigurationName = Release;
		};
		8E2F24A423B2132100BE4E7C /* Build configuration list for PBXNativeTarget "SexManagerUITests" */ = {
			isa = XCConfigurationList;
			buildConfigurations = (
				8E2F24A523B2132100BE4E7C /* Debug */,
				8E2F24A623B2132100BE4E7C /* Release */,
			);
			defaultConfigurationIsVisible = 0;
			defaultConfigurationName = Release;
		};
/* End XCConfigurationList section */
	};
	rootObject = 8E2F246C23B2132000BE4E7C /* Project object */;
}
